
Microsoft Visual Studio Solution File, Format Version 12.00
# Visual Studio Version 17
VisualStudioVersion = 17.7.34031.279
MinimumVisualStudioVersion = 10.0.40219.1
Project("{9A19103F-16F7-4668-BE54-9A1E7A4F7556}") = "Asp.Net-Core5.0-Blog", "Asp.Net-Core5.0-Blog\Asp.Net-Core5.0-Blog.csproj", "{934C72F1-60CE-4E3B-9E62-8C424AA6822C}"
EndProject
Project("{9A19103F-16F7-4668-BE54-9A1E7A4F7556}") = "EntityLayer", "EntityLayer\EntityLayer.csproj", "{635AC652-32B6-4F71-BF37-52F403F74B56}"
EndProject
Project("{9A19103F-16F7-4668-BE54-9A1E7A4F7556}") = "DataAccessLayer", "DataAccessLayer\DataAccessLayer.csproj", "{03D3FAD9-FF1B-4F3D-9A33-684F6FCF7CCF}"
EndProject
Project("{9A19103F-16F7-4668-BE54-9A1E7A4F7556}") = "BusinessLayer", "BusinessLayer\BusinessLayer.csproj", "{9EE6F14C-F75B-4CEA-871D-EB2A9CA37D07}"
EndProject
Project("{9A19103F-16F7-4668-BE54-9A1E7A4F7556}") = "CoreLayer", "CoreLayer\CoreLayer.csproj", "{4C3203DB-8204-4B1C-85FF-D808D1EACADF}"
EndProject
Project("{9A19103F-16F7-4668-BE54-9A1E7A4F7556}") = "BlogApi", "BlogApi\BlogApi.csproj", "{B90E7F3F-0125-43A9-9452-C072C6EC7962}"
EndProject
Project("{FAE04EC0-301F-11D3-BF4B-00C04F79EFBC}") = "jwt_blog", "jwt_blog\jwt_blog.csproj", "{4C826749-DD55-406D-A9A6-5DB68745FCAD}"
EndProject
Global
	GlobalSection(SolutionConfigurationPlatforms) = preSolution
		Debug|Any CPU = Debug|Any CPU
		Release|Any CPU = Release|Any CPU
	EndGlobalSection
	GlobalSection(ProjectConfigurationPlatforms) = postSolution
		{934C72F1-60CE-4E3B-9E62-8C424AA6822C}.Debug|Any CPU.ActiveCfg = Debug|Any CPU
		{934C72F1-60CE-4E3B-9E62-8C424AA6822C}.Debug|Any CPU.Build.0 = Debug|Any CPU
		{934C72F1-60CE-4E3B-9E62-8C424AA6822C}.Release|Any CPU.ActiveCfg = Release|Any CPU
		{934C72F1-60CE-4E3B-9E62-8C424AA6822C}.Release|Any CPU.Build.0 = Release|Any CPU
		{635AC652-32B6-4F71-BF37-52F403F74B56}.Debug|Any CPU.ActiveCfg = Debug|Any CPU
		{635AC652-32B6-4F71-BF37-52F403F74B56}.Debug|Any CPU.Build.0 = Debug|Any CPU
		{635AC652-32B6-4F71-BF37-52F403F74B56}.Release|Any CPU.ActiveCfg = Release|Any CPU
		{635AC652-32B6-4F71-BF37-52F403F74B56}.Release|Any CPU.Build.0 = Release|Any CPU
		{03D3FAD9-FF1B-4F3D-9A33-684F6FCF7CCF}.Debug|Any CPU.ActiveCfg = Debug|Any CPU
		{03D3FAD9-FF1B-4F3D-9A33-684F6FCF7CCF}.Debug|Any CPU.Build.0 = Debug|Any CPU
		{03D3FAD9-FF1B-4F3D-9A33-684F6FCF7CCF}.Release|Any CPU.ActiveCfg = Release|Any CPU
		{03D3FAD9-FF1B-4F3D-9A33-684F6FCF7CCF}.Release|Any CPU.Build.0 = Release|Any CPU
		{9EE6F14C-F75B-4CEA-871D-EB2A9CA37D07}.Debug|Any CPU.ActiveCfg = Debug|Any CPU
		{9EE6F14C-F75B-4CEA-871D-EB2A9CA37D07}.Debug|Any CPU.Build.0 = Debug|Any CPU
		{9EE6F14C-F75B-4CEA-871D-EB2A9CA37D07}.Release|Any CPU.ActiveCfg = Release|Any CPU
		{9EE6F14C-F75B-4CEA-871D-EB2A9CA37D07}.Release|Any CPU.Build.0 = Release|Any CPU
		{4C3203DB-8204-4B1C-85FF-D808D1EACADF}.Debug|Any CPU.ActiveCfg = Debug|Any CPU
		{4C3203DB-8204-4B1C-85FF-D808D1EACADF}.Debug|Any CPU.Build.0 = Debug|Any CPU
		{4C3203DB-8204-4B1C-85FF-D808D1EACADF}.Release|Any CPU.ActiveCfg = Release|Any CPU
		{4C3203DB-8204-4B1C-85FF-D808D1EACADF}.Release|Any CPU.Build.0 = Release|Any CPU
		{B90E7F3F-0125-43A9-9452-C072C6EC7962}.Debug|Any CPU.ActiveCfg = Debug|Any CPU
		{B90E7F3F-0125-43A9-9452-C072C6EC7962}.Debug|Any CPU.Build.0 = Debug|Any CPU
		{B90E7F3F-0125-43A9-9452-C072C6EC7962}.Release|Any CPU.ActiveCfg = Release|Any CPU
		{B90E7F3F-0125-43A9-9452-C072C6EC7962}.Release|Any CPU.Build.0 = Release|Any CPU
		{4C826749-DD55-406D-A9A6-5DB68745FCAD}.Debug|Any CPU.ActiveCfg = Debug|Any CPU
		{4C826749-DD55-406D-A9A6-5DB68745FCAD}.Debug|Any CPU.Build.0 = Debug|Any CPU
		{4C826749-DD55-406D-A9A6-5DB68745FCAD}.Release|Any CPU.ActiveCfg = Release|Any CPU
		{4C826749-DD55-406D-A9A6-5DB68745FCAD}.Release|Any CPU.Build.0 = Release|Any CPU
	EndGlobalSection
	GlobalSection(SolutionProperties) = preSolution
		HideSolutionNode = FALSE
	EndGlobalSection
	GlobalSection(ExtensibilityGlobals) = postSolution
		SolutionGuid = {DA83CC2C-7FC6-4EC4-B8AF-BF866FDDC241}
	EndGlobalSection
EndGlobal
